
Microsoft Visual Studio Solution File, Format Version 12.00
# Visual Studio Version 17
VisualStudioVersion = 17.9.34723.18
MinimumVisualStudioVersion = 10.0.40219.1
Project("{9A19103F-16F7-4668-BE54-9A1E7A4F7556}") = "Program", "Program.csproj", "{7B67B866-E2A2-4270-AC76-66E804723732}"
EndProject
Project("{9A19103F-16F7-4668-BE54-9A1E7A4F7556}") = "Class1th (SingleLinkedList)", "..\Class1th (SingleLinkedList)\Class1th (SingleLinkedList).csproj", "{268DE2D9-14F1-4E3E-BF25-F3386607C896}"
EndProject
Project("{9A19103F-16F7-4668-BE54-9A1E7A4F7556}") = "Class2th (Double Linked List)", "..\Class2th (Double Linked List)\Class2th (Double Linked List).csproj", "{3708E854-B880-4329-ACC0-0FFB952623CC}"
EndProject
Project("{9A19103F-16F7-4668-BE54-9A1E7A4F7556}") = "Class3th (Circle Linked LIst)", "..\Class3th (Circle Linked LIst)\Class3th (Circle Linked LIst).csproj", "{D8572104-47C1-42B0-8A39-0D5A612D0A5A}"
EndProject
Project("{9A19103F-16F7-4668-BE54-9A1E7A4F7556}") = "Class4th (Stack)", "..\Class4th (Stack)\Class4th (Stack).csproj", "{60E4B0E0-EE38-419B-9208-5C09824902E9}"
EndProject
Project("{9A19103F-16F7-4668-BE54-9A1E7A4F7556}") = "Class5th (Linear Queue)", "..\Class5th (Linear Queue)\Class5th (Linear Queue).csproj", "{1A2FAB4C-4CE0-4F1E-9374-46AC90BCBC26}"
EndProject
Project("{9A19103F-16F7-4668-BE54-9A1E7A4F7556}") = "Class6th (Circle Queue)", "..\Class6th (Circle Queue)\Class6th (Circle Queue).csproj", "{C60FAD33-2BCC-46DF-B0A3-DDA61E7C03C5}"
EndProject
Project("{9A19103F-16F7-4668-BE54-9A1E7A4F7556}") = "Class7th (Vector)", "..\Class7th (Vector)\Class7th (Vector).csproj", "{49C208BE-5930-47AB-A834-CC26EB2CAFEC}"
EndProject
Project("{9A19103F-16F7-4668-BE54-9A1E7A4F7556}") = "Class8th (String)", "..\Class8th (String)\Class8th (String).csproj", "{ED81B7B6-8092-4A5F-8367-0E93920AE8E2}"
EndProject
Project("{9A19103F-16F7-4668-BE54-9A1E7A4F7556}") = "Class9th (File Input & Output)", "..\Class9th (File Input & Output)\Class9th (File Input & Output).csproj", "{10E616D6-8809-4B0E-8CD5-C226F44FC629}"
EndProject
Project("{FAE04EC0-301F-11D3-BF4B-00C04F79EFBC}") = "Class10th (Hash Table)", "..\Class10th (Hash Table)\Class10th (Hash Table).csproj", "{89CEA1D0-B866-447E-B4D6-85CD7F9505A1}"
EndProject
Global
	GlobalSection(SolutionConfigurationPlatforms) = preSolution
		Debug|Any CPU = Debug|Any CPU
		Release|Any CPU = Release|Any CPU
	EndGlobalSection
	GlobalSection(ProjectConfigurationPlatforms) = postSolution
		{7B67B866-E2A2-4270-AC76-66E804723732}.Debug|Any CPU.ActiveCfg = Debug|Any CPU
		{7B67B866-E2A2-4270-AC76-66E804723732}.Debug|Any CPU.Build.0 = Debug|Any CPU
		{7B67B866-E2A2-4270-AC76-66E804723732}.Release|Any CPU.ActiveCfg = Release|Any CPU
		{7B67B866-E2A2-4270-AC76-66E804723732}.Release|Any CPU.Build.0 = Release|Any CPU
		{268DE2D9-14F1-4E3E-BF25-F3386607C896}.Debug|Any CPU.ActiveCfg = Debug|Any CPU
		{268DE2D9-14F1-4E3E-BF25-F3386607C896}.Debug|Any CPU.Build.0 = Debug|Any CPU
		{268DE2D9-14F1-4E3E-BF25-F3386607C896}.Release|Any CPU.ActiveCfg = Release|Any CPU
		{268DE2D9-14F1-4E3E-BF25-F3386607C896}.Release|Any CPU.Build.0 = Release|Any CPU
		{3708E854-B880-4329-ACC0-0FFB952623CC}.Debug|Any CPU.ActiveCfg = Debug|Any CPU
		{3708E854-B880-4329-ACC0-0FFB952623CC}.Debug|Any CPU.Build.0 = Debug|Any CPU
		{3708E854-B880-4329-ACC0-0FFB952623CC}.Release|Any CPU.ActiveCfg = Release|Any CPU
		{3708E854-B880-4329-ACC0-0FFB952623CC}.Release|Any CPU.Build.0 = Release|Any CPU
		{D8572104-47C1-42B0-8A39-0D5A612D0A5A}.Debug|Any CPU.ActiveCfg = Debug|Any CPU
		{D8572104-47C1-42B0-8A39-0D5A612D0A5A}.Debug|Any CPU.Build.0 = Debug|Any CPU
		{D8572104-47C1-42B0-8A39-0D5A612D0A5A}.Release|Any CPU.ActiveCfg = Release|Any CPU
		{D8572104-47C1-42B0-8A39-0D5A612D0A5A}.Release|Any CPU.Build.0 = Release|Any CPU
		{60E4B0E0-EE38-419B-9208-5C09824902E9}.Debug|Any CPU.ActiveCfg = Debug|Any CPU
		{60E4B0E0-EE38-419B-9208-5C09824902E9}.Debug|Any CPU.Build.0 = Debug|Any CPU
		{60E4B0E0-EE38-419B-9208-5C09824902E9}.Release|Any CPU.ActiveCfg = Release|Any CPU
		{60E4B0E0-EE38-419B-9208-5C09824902E9}.Release|Any CPU.Build.0 = Release|Any CPU
		{1A2FAB4C-4CE0-4F1E-9374-46AC90BCBC26}.Debug|Any CPU.ActiveCfg = Debug|Any CPU
		{1A2FAB4C-4CE0-4F1E-9374-46AC90BCBC26}.Debug|Any CPU.Build.0 = Debug|Any CPU
		{1A2FAB4C-4CE0-4F1E-9374-46AC90BCBC26}.Release|Any CPU.ActiveCfg = Release|Any CPU
		{1A2FAB4C-4CE0-4F1E-9374-46AC90BCBC26}.Release|Any CPU.Build.0 = Release|Any CPU
		{C60FAD33-2BCC-46DF-B0A3-DDA61E7C03C5}.Debug|Any CPU.ActiveCfg = Debug|Any CPU
		{C60FAD33-2BCC-46DF-B0A3-DDA61E7C03C5}.Debug|Any CPU.Build.0 = Debug|Any CPU
		{C60FAD33-2BCC-46DF-B0A3-DDA61E7C03C5}.Release|Any CPU.ActiveCfg = Release|Any CPU
		{C60FAD33-2BCC-46DF-B0A3-DDA61E7C03C5}.Release|Any CPU.Build.0 = Release|Any CPU
		{49C208BE-5930-47AB-A834-CC26EB2CAFEC}.Debug|Any CPU.ActiveCfg = Debug|Any CPU
		{49C208BE-5930-47AB-A834-CC26EB2CAFEC}.Debug|Any CPU.Build.0 = Debug|Any CPU
		{49C208BE-5930-47AB-A834-CC26EB2CAFEC}.Release|Any CPU.ActiveCfg = Release|Any CPU
		{49C208BE-5930-47AB-A834-CC26EB2CAFEC}.Release|Any CPU.Build.0 = Release|Any CPU
		{ED81B7B6-8092-4A5F-8367-0E93920AE8E2}.Debug|Any CPU.ActiveCfg = Debug|Any CPU
		{ED81B7B6-8092-4A5F-8367-0E93920AE8E2}.Debug|Any CPU.Build.0 = Debug|Any CPU
		{ED81B7B6-8092-4A5F-8367-0E93920AE8E2}.Release|Any CPU.ActiveCfg = Release|Any CPU
		{ED81B7B6-8092-4A5F-8367-0E93920AE8E2}.Release|Any CPU.Build.0 = Release|Any CPU
		{10E616D6-8809-4B0E-8CD5-C226F44FC629}.Debug|Any CPU.ActiveCfg = Debug|Any CPU
		{10E616D6-8809-4B0E-8CD5-C226F44FC629}.Debug|Any CPU.Build.0 = Debug|Any CPU
		{10E616D6-8809-4B0E-8CD5-C226F44FC629}.Release|Any CPU.ActiveCfg = Release|Any CPU
		{10E616D6-8809-4B0E-8CD5-C226F44FC629}.Release|Any CPU.Build.0 = Release|Any CPU
		{89CEA1D0-B866-447E-B4D6-85CD7F9505A1}.Debug|Any CPU.ActiveCfg = Debug|Any CPU
		{89CEA1D0-B866-447E-B4D6-85CD7F9505A1}.Debug|Any CPU.Build.0 = Debug|Any CPU
		{89CEA1D0-B866-447E-B4D6-85CD7F9505A1}.Release|Any CPU.ActiveCfg = Release|Any CPU
		{89CEA1D0-B866-447E-B4D6-85CD7F9505A1}.Release|Any CPU.Build.0 = Release|Any CPU
	EndGlobalSection
	GlobalSection(SolutionProperties) = preSolution
		HideSolutionNode = FALSE
	EndGlobalSection
	GlobalSection(ExtensibilityGlobals) = postSolution
		SolutionGuid = {6332A57B-2A08-4694-B266-DC60F30F1859}
	EndGlobalSection
EndGlobal
